<?xml version="1.0" encoding="utf-8"?>
<Project ToolsVersion="4.0" xmlns="http://schemas.microsoft.com/developer/msbuild/2003">
  <ItemGroup>
    <Filter Include="sahook">
      <UniqueIdentifier>{4FC737F1-C7A5-4376-A066-2A32D752A2FF}</UniqueIdentifier>
      <Extensions>qml;cpp;c;cc;cxx;def;odl;idl;hpj;bat;asm;asmx</Extensions>
    </Filter>
    <Filter Include="websocket">
      <UniqueIdentifier>{2082529a-ba04-4272-abd6-8179718c4299}</UniqueIdentifier>
    </Filter>
    <Filter Include="game">
      <UniqueIdentifier>{67DA6AB6-F800-4c08-8B7A-83BB121AAD01}</UniqueIdentifier>
      <Extensions>qrc;rc;ico;cur;bmp;dlg;rc2;rct;bin;rgs;gif;jpg;jpeg;jpe;resx;tiff;tif;png;wav;mfcribbon-ms</Extensions>
    </Filter>
    <Filter Include="game\include">
      <UniqueIdentifier>{d6c3ff23-2161-4684-ac2f-7f12c0c8eff9}</UniqueIdentifier>
    </Filter>
    <Filter Include="game\src">
      <UniqueIdentifier>{93995380-89BD-4b04-88EB-625FBE52EBFB}</UniqueIdentifier>
      <Extensions>h;hh;hpp;hxx;hm;inl;inc;xsd</Extensions>
    </Filter>
    <Filter Include="src">
      <UniqueIdentifier>{98307fc9-605e-4493-813d-710f90db18fa}</UniqueIdentifier>
    </Filter>
    <Filter Include="3rdparty">
      <UniqueIdentifier>{a0eb6e69-857f-472c-b8ff-6459ce6ca0f1}</UniqueIdentifier>
    </Filter>
    <Filter Include="websocket\src">
      <UniqueIdentifier>{28c96462-74ce-4a62-bd5d-ef7b7618a41b}</UniqueIdentifier>
    </Filter>
    <Filter Include="websocket\include">
      <UniqueIdentifier>{ad7e4e86-8837-4b32-ab33-584b2ad7c0bc}</UniqueIdentifier>
    </Filter>
    <Filter Include="include">
      <UniqueIdentifier>{50f320e5-27f0-46e1-bf2a-815938ca79d5}</UniqueIdentifier>
    </Filter>
  </ItemGroup>
  <ItemGroup>
    <ClCompile Include="stdafx.cpp">
      <Filter>sahook</Filter>
    </ClCompile>
    <ClInclude Include="stdafx.h">
      <Filter>sahook</Filter>
    </ClInclude>
    <ClCompile Include="dllmain.cpp">
      <Filter>sahook</Filter>
    </ClCompile>
    <ClCompile Include="..\src\binary.cpp">
      <Filter>src</Filter>
    </ClCompile>
    <ClCompile Include="..\src\timer.cpp">
      <Filter>src</Filter>
    </ClCompile>
    <ClCompile Include="..\src\tool.cpp">
      <Filter>src</Filter>
    </ClCompile>
    <ClCompile Include="..\src\global.cpp">
      <Filter>src</Filter>
    </ClCompile>
    <ClCompile Include="game\src\gameservice.cpp">
      <Filter>game\src</Filter>
    </ClCompile>
    <ClCompile Include="websocket\src\websocketclient.cpp">
      <Filter>websocket\src</Filter>
    </ClCompile>
    <ClCompile Include="game\src\gameImplement.cpp">
      <Filter>game\src</Filter>
    </ClCompile>
    <ClCompile Include="game\src\gamewinproc.cpp">
      <Filter>game\src</Filter>
    </ClCompile>
    <ClCompile Include="game\src\gameoverride.cpp">
      <Filter>game\src</Filter>
    </ClCompile>
  </ItemGroup>
  <ItemGroup>
    <ClInclude Include="game\include\gameservice_p.h">
      <Filter>game\include</Filter>
    </ClInclude>
    <ClInclude Include="websocket\include\websocketclient_p.h">
      <Filter>websocket\include</Filter>
    </ClInclude>
    <ClInclude Include="game\include\gameImplement.h">
      <Filter>game\include</Filter>
    </ClInclude>
    <ClInclude Include="..\include\binary_p.h">
      <Filter>include</Filter>
    </ClInclude>
    <ClInclude Include="..\include\binary.h">
      <Filter>include</Filter>
    </ClInclude>
    <ClInclude Include="..\include\global.h">
      <Filter>include</Filter>
    </ClInclude>
    <ClInclude Include="..\include\timer.h">
      <Filter>include</Filter>
    </ClInclude>
  </ItemGroup>
  <ItemGroup>
    <QtMoc Include="game\include\gameservice.h">
      <Filter>game\include</Filter>
    </QtMoc>
    <QtMoc Include="websocket\include\websocketclient.h">
      <Filter>websocket\include</Filter>
    </QtMoc>
    <QtMoc Include="..\include\tool.h">
      <Filter>include</Filter>
    </QtMoc>
  </ItemGroup>
</Project>